
Microsoft Visual Studio Solution File, Format Version 12.00
# Visual Studio 14
VisualStudioVersion = 14.0.24720.0
MinimumVisualStudioVersion = 10.0.40219.1
Project("{FAE04EC0-301F-11D3-BF4B-00C04F79EFBC}") = "Hackathon_GetStarted", "Hackathon_GetStarted\Hackathon_GetStarted.csproj", "{977129A9-CC6F-4B7D-8B5F-432BA917F60D}"
EndProject
Project("{FAE04EC0-301F-11D3-BF4B-00C04F79EFBC}") = "Tests", "Tests\Tests.csproj", "{1B51DF2A-BB7C-48D2-A48C-76F45DD8DA58}"
EndProject
Global
	GlobalSection(SolutionConfigurationPlatforms) = preSolution
		Debug|Any CPU = Debug|Any CPU
		Release|Any CPU = Release|Any CPU
	EndGlobalSection
	GlobalSection(ProjectConfigurationPlatforms) = postSolution
		{977129A9-CC6F-4B7D-8B5F-432BA917F60D}.Debug|Any CPU.ActiveCfg = Debug|Any CPU
		{977129A9-CC6F-4B7D-8B5F-432BA917F60D}.Debug|Any CPU.Build.0 = Debug|Any CPU
		{977129A9-CC6F-4B7D-8B5F-432BA917F60D}.Release|Any CPU.ActiveCfg = Release|Any CPU
		{977129A9-CC6F-4B7D-8B5F-432BA917F60D}.Release|Any CPU.Build.0 = Release|Any CPU
		{1B51DF2A-BB7C-48D2-A48C-76F45DD8DA58}.Debug|Any CPU.ActiveCfg = Debug|Any CPU
		{1B51DF2A-BB7C-48D2-A48C-76F45DD8DA58}.Debug|Any CPU.Build.0 = Debug|Any CPU
		{1B51DF2A-BB7C-48D2-A48C-76F45DD8DA58}.Release|Any CPU.ActiveCfg = Release|Any CPU
		{1B51DF2A-BB7C-48D2-A48C-76F45DD8DA58}.Release|Any CPU.Build.0 = Release|Any CPU
	EndGlobalSection
	GlobalSection(SolutionProperties) = preSolution
		HideSolutionNode = FALSE
	EndGlobalSection
EndGlobal
